
Microsoft Visual Studio Solution File, Format Version 12.00
# Visual Studio Version 16
VisualStudioVersion = 16.0.31424.327
MinimumVisualStudioVersion = 10.0.40219.1
Project("{FAE04EC0-301F-11D3-BF4B-00C04F79EFBC}") = "Kdr.TeknikServis", "Kdr.TeknikServis\Kdr.TeknikServis.csproj", "{0DA88AF2-18BF-44A4-8843-BA82B0BEB141}"
EndProject
Project("{FAE04EC0-301F-11D3-BF4B-00C04F79EFBC}") = "Kdr.DBLayer", "..\Kdr.DBLayer\Kdr.DBLayer.csproj", "{36F0AD24-6BE5-4E54-97D5-D1C99DAAF99C}"
EndProject
Global
	GlobalSection(SolutionConfigurationPlatforms) = preSolution
		Debug|Any CPU = Debug|Any CPU
		Release|Any CPU = Release|Any CPU
	EndGlobalSection
	GlobalSection(ProjectConfigurationPlatforms) = postSolution
		{0DA88AF2-18BF-44A4-8843-BA82B0BEB141}.Debug|Any CPU.ActiveCfg = Debug|Any CPU
		{0DA88AF2-18BF-44A4-8843-BA82B0BEB141}.Debug|Any CPU.Build.0 = Debug|Any CPU
		{0DA88AF2-18BF-44A4-8843-BA82B0BEB141}.Release|Any CPU.ActiveCfg = Release|Any CPU
		{0DA88AF2-18BF-44A4-8843-BA82B0BEB141}.Release|Any CPU.Build.0 = Release|Any CPU
		{36F0AD24-6BE5-4E54-97D5-D1C99DAAF99C}.Debug|Any CPU.ActiveCfg = Debug|Any CPU
		{36F0AD24-6BE5-4E54-97D5-D1C99DAAF99C}.Debug|Any CPU.Build.0 = Debug|Any CPU
		{36F0AD24-6BE5-4E54-97D5-D1C99DAAF99C}.Release|Any CPU.ActiveCfg = Release|Any CPU
		{36F0AD24-6BE5-4E54-97D5-D1C99DAAF99C}.Release|Any CPU.Build.0 = Release|Any CPU
	EndGlobalSection
	GlobalSection(SolutionProperties) = preSolution
		HideSolutionNode = FALSE
	EndGlobalSection
	GlobalSection(ExtensibilityGlobals) = postSolution
		SolutionGuid = {9DBDAA43-033E-4A6E-8CE2-550CB00F63CF}
	EndGlobalSection
EndGlobal
